{
  "name": "assessment-service",
  "version": "2.0.0",
  "lockfileVersion": 3,
  "requires": true,
  "packages": {
    "": {
      "name": "assessment-service",
      "version": "2.0.0",
      "dependencies": {
        "assessment-corrector": "github:EDUTIEK/assessment-corrector#acc-annot",
        "assessment-writer": "github:EDUTIEK/assessment-writer#main"
      }
    },
    "node_modules/assessment-corrector": {
      "version": "2.0.0",
      "resolved": "git+ssh://git@github.com/EDUTIEK/assessment-corrector.git#0d847563fd32c15af232dc8894d872927c69ce82",
      "license": "GPL-3.0-or-later"
    },
    "node_modules/assessment-writer": {
      "version": "2.0.0",
      "resolved": "git+ssh://git@github.com/EDUTIEK/assessment-writer.git#f8251fd27b257855e4235f46661b82d02404358f",
      "license": "GPL-3.0-or-later"
    }
  }
}
