{
  "name": "assessment-service",
  "version": "2.0.0",
  "lockfileVersion": 3,
  "requires": true,
  "packages": {
    "": {
      "name": "assessment-service",
      "version": "2.0.0",
      "dependencies": {
        "assessment-corrector": "github:EDUTIEK/assessment-corrector#main",
        "assessment-writer": "github:EDUTIEK/assessment-writer#main"
      }
    },
    "node_modules/assessment-corrector": {
      "version": "2.0.0",
      "resolved": "git+ssh://git@github.com/EDUTIEK/assessment-corrector.git#8ddc305f0dba6b2d2d23d8e6444c1d49183a4e3f",
      "license": "GPL-3.0-or-later"
    },
    "node_modules/assessment-writer": {
      "version": "2.0.0",
      "resolved": "git+ssh://git@github.com/EDUTIEK/assessment-writer.git#f8251fd27b257855e4235f46661b82d02404358f",
      "license": "GPL-3.0-or-later"
    }
  }
}
